
Microsoft Visual Studio Solution File, Format Version 12.00
# Visual Studio Version 17
VisualStudioVersion = 17.1.32228.430
MinimumVisualStudioVersion = 10.0.40219.1
Project("{FAE04EC0-301F-11D3-BF4B-00C04F79EFBC}") = "Lesson 14 Homework", "Lesson 14 Homework\Lesson 14 Homework.csproj", "{CA38DE6C-A156-4E69-9B9F-78AF39D23765}"
EndProject
Project("{FAE04EC0-301F-11D3-BF4B-00C04F79EFBC}") = "ValidatorClass", "ValidatorClass\ValidatorClass.csproj", "{31A06F18-5921-4374-A9F5-5683CE969331}"
EndProject
Global
	GlobalSection(SolutionConfigurationPlatforms) = preSolution
		Debug|Any CPU = Debug|Any CPU
		Release|Any CPU = Release|Any CPU
	EndGlobalSection
	GlobalSection(ProjectConfigurationPlatforms) = postSolution
		{CA38DE6C-A156-4E69-9B9F-78AF39D23765}.Debug|Any CPU.ActiveCfg = Debug|Any CPU
		{CA38DE6C-A156-4E69-9B9F-78AF39D23765}.Debug|Any CPU.Build.0 = Debug|Any CPU
		{CA38DE6C-A156-4E69-9B9F-78AF39D23765}.Release|Any CPU.ActiveCfg = Release|Any CPU
		{CA38DE6C-A156-4E69-9B9F-78AF39D23765}.Release|Any CPU.Build.0 = Release|Any CPU
		{31A06F18-5921-4374-A9F5-5683CE969331}.Debug|Any CPU.ActiveCfg = Debug|Any CPU
		{31A06F18-5921-4374-A9F5-5683CE969331}.Debug|Any CPU.Build.0 = Debug|Any CPU
		{31A06F18-5921-4374-A9F5-5683CE969331}.Release|Any CPU.ActiveCfg = Release|Any CPU
		{31A06F18-5921-4374-A9F5-5683CE969331}.Release|Any CPU.Build.0 = Release|Any CPU
	EndGlobalSection
	GlobalSection(SolutionProperties) = preSolution
		HideSolutionNode = FALSE
	EndGlobalSection
	GlobalSection(ExtensibilityGlobals) = postSolution
		SolutionGuid = {93289D72-7C31-4C84-8C53-3535CB411C8E}
	EndGlobalSection
EndGlobal
